
Microsoft Visual Studio Solution File, Format Version 12.00
# Visual Studio 15
VisualStudioVersion = 15.0.26430.16
MinimumVisualStudioVersion = 10.0.40219.1
Project("{9A19103F-16F7-4668-BE54-9A1E7A4F7556}") = "MonsoonAPI", "MonsoonAPI\MonsoonAPI.csproj", "{D713C882-8FC6-4368-BC78-F088CD84D890}"
EndProject
Project("{FAE04EC0-301F-11D3-BF4B-00C04F79EFBC}") = "ILibrary", "..\..\Library\ILibrary\ILibrary.csproj", "{57CE8291-725F-49A7-AAFD-0A87CF569D64}"
EndProject
Project("{FAE04EC0-301F-11D3-BF4B-00C04F79EFBC}") = "ILss_2010", "..\..\Library\ILss\ILss_2010.csproj", "{7D40C3D9-D682-4811-B687-1EB32F9D6E5A}"
EndProject
Project("{FAE04EC0-301F-11D3-BF4B-00C04F79EFBC}") = "IMiddleware2", "..\..\Middleware\IMiddleware2\IMiddleware2.csproj", "{04574954-5000-44F6-9288-F4A43D0E047C}"
EndProject
Project("{FAE04EC0-301F-11D3-BF4B-00C04F79EFBC}") = "IsmUtility", "..\..\Common\IsmUtility\IsmUtility.csproj", "{3788A5E6-66B6-4BF0-9AF6-85BC6191CFE3}"
EndProject
Project("{FAE04EC0-301F-11D3-BF4B-00C04F79EFBC}") = "IsmWcfUtility", "..\..\Common\IsmWcfUtility\IsmWcfUtility.csproj", "{B5ECC734-C920-494B-A167-548E05DBCF65}"
EndProject
Project("{FAE04EC0-301F-11D3-BF4B-00C04F79EFBC}") = "IIss", "..\..\Common\IIss\IIss.csproj", "{7DDC019C-5FC1-4112-99D8-141CF03D6755}"
EndProject
Project("{FAE04EC0-301F-11D3-BF4B-00C04F79EFBC}") = "IPatInfoEngine", "..\..\PatInfoEngine\IPatInfoEngine\IPatInfoEngine.csproj", "{A87B3D93-87FB-45A0-A27E-A3D3A1AD9098}"
EndProject
Project("{FAE04EC0-301F-11D3-BF4B-00C04F79EFBC}") = "IsmDmag", "..\..\Common\IsmDmag\IsmDmag.csproj", "{17C8FD45-827D-44D9-A79E-3A6EF4D5621C}"
EndProject
Project("{FAE04EC0-301F-11D3-BF4B-00C04F79EFBC}") = "IsmLogCommon", "..\..\Common\IsmLog\IsmLogCommon\IsmLogCommon.csproj", "{3B1DE3FC-9DE5-4C66-83B4-739872D1F013}"
EndProject
Project("{FAE04EC0-301F-11D3-BF4B-00C04F79EFBC}") = "IIsmRec_2010", "..\..\IsmRec\IIsmRec\IIsmRec_2010.csproj", "{19361A7D-F9EC-46F6-99DD-97930D4A3CFC}"
EndProject
Project("{FAE04EC0-301F-11D3-BF4B-00C04F79EFBC}") = "IsmHealth", "..\..\Common\IsmHealth\IsmHealth.csproj", "{0F8456C2-C480-4364-96CE-7E49A4738A7C}"
EndProject
Project("{FAE04EC0-301F-11D3-BF4B-00C04F79EFBC}") = "IRemoteKeyboardMouse_2010", "..\..\Msnt\RemoteKeyboardMouse\IRemoteKeyboardMouse\IRemoteKeyboardMouse_2010.csproj", "{D83A52D4-C846-4F58-A6AF-EAFD0ED82F54}"
EndProject
Project("{2150E333-8FDC-42A3-9474-1A3956D46DE8}") = "NuGet", "NuGet", "{38449BF6-FBA2-4D60-A62C-3EE4FE6224EC}"
	ProjectSection(SolutionItems) = preProject
		..\..\NuGet.config = ..\..\NuGet.config
	EndProjectSection
EndProject
Project("{FAE04EC0-301F-11D3-BF4B-00C04F79EFBC}") = "IIsmLivePreview", "..\MonsoonPreviewApps\Monsoon_ILivePreview\IIsmLivePreview.csproj", "{CE199D0A-5555-408F-92D5-0946577DF1BE}"
EndProject
Global
	GlobalSection(SolutionConfigurationPlatforms) = preSolution
		Debug|Any CPU = Debug|Any CPU
		Debug|x64 = Debug|x64
		Debug|x86 = Debug|x86
		Release|Any CPU = Release|Any CPU
		Release|x64 = Release|x64
		Release|x86 = Release|x86
	EndGlobalSection
	GlobalSection(ProjectConfigurationPlatforms) = postSolution
		{D713C882-8FC6-4368-BC78-F088CD84D890}.Debug|Any CPU.ActiveCfg = Debug|Any CPU
		{D713C882-8FC6-4368-BC78-F088CD84D890}.Debug|Any CPU.Build.0 = Debug|Any CPU
		{D713C882-8FC6-4368-BC78-F088CD84D890}.Debug|x64.ActiveCfg = Debug|Any CPU
		{D713C882-8FC6-4368-BC78-F088CD84D890}.Debug|x64.Build.0 = Debug|Any CPU
		{D713C882-8FC6-4368-BC78-F088CD84D890}.Debug|x86.ActiveCfg = Debug|Any CPU
		{D713C882-8FC6-4368-BC78-F088CD84D890}.Debug|x86.Build.0 = Debug|Any CPU
		{D713C882-8FC6-4368-BC78-F088CD84D890}.Release|Any CPU.ActiveCfg = Release|Any CPU
		{D713C882-8FC6-4368-BC78-F088CD84D890}.Release|Any CPU.Build.0 = Release|Any CPU
		{D713C882-8FC6-4368-BC78-F088CD84D890}.Release|x64.ActiveCfg = Release|Any CPU
		{D713C882-8FC6-4368-BC78-F088CD84D890}.Release|x64.Build.0 = Release|Any CPU
		{D713C882-8FC6-4368-BC78-F088CD84D890}.Release|x86.ActiveCfg = Release|Any CPU
		{D713C882-8FC6-4368-BC78-F088CD84D890}.Release|x86.Build.0 = Release|Any CPU
		{57CE8291-725F-49A7-AAFD-0A87CF569D64}.Debug|Any CPU.ActiveCfg = Debug|Any CPU
		{57CE8291-725F-49A7-AAFD-0A87CF569D64}.Debug|Any CPU.Build.0 = Debug|Any CPU
		{57CE8291-725F-49A7-AAFD-0A87CF569D64}.Debug|x64.ActiveCfg = Debug|Any CPU
		{57CE8291-725F-49A7-AAFD-0A87CF569D64}.Debug|x64.Build.0 = Debug|Any CPU
		{57CE8291-725F-49A7-AAFD-0A87CF569D64}.Debug|x86.ActiveCfg = Debug|Any CPU
		{57CE8291-725F-49A7-AAFD-0A87CF569D64}.Debug|x86.Build.0 = Debug|Any CPU
		{57CE8291-725F-49A7-AAFD-0A87CF569D64}.Release|Any CPU.ActiveCfg = Release|Any CPU
		{57CE8291-725F-49A7-AAFD-0A87CF569D64}.Release|Any CPU.Build.0 = Release|Any CPU
		{57CE8291-725F-49A7-AAFD-0A87CF569D64}.Release|x64.ActiveCfg = Release|Any CPU
		{57CE8291-725F-49A7-AAFD-0A87CF569D64}.Release|x64.Build.0 = Release|Any CPU
		{57CE8291-725F-49A7-AAFD-0A87CF569D64}.Release|x86.ActiveCfg = Release|Any CPU
		{57CE8291-725F-49A7-AAFD-0A87CF569D64}.Release|x86.Build.0 = Release|Any CPU
		{7D40C3D9-D682-4811-B687-1EB32F9D6E5A}.Debug|Any CPU.ActiveCfg = Debug|Any CPU
		{7D40C3D9-D682-4811-B687-1EB32F9D6E5A}.Debug|Any CPU.Build.0 = Debug|Any CPU
		{7D40C3D9-D682-4811-B687-1EB32F9D6E5A}.Debug|x64.ActiveCfg = Debug|Any CPU
		{7D40C3D9-D682-4811-B687-1EB32F9D6E5A}.Debug|x64.Build.0 = Debug|Any CPU
		{7D40C3D9-D682-4811-B687-1EB32F9D6E5A}.Debug|x86.ActiveCfg = Debug|Any CPU
		{7D40C3D9-D682-4811-B687-1EB32F9D6E5A}.Debug|x86.Build.0 = Debug|Any CPU
		{7D40C3D9-D682-4811-B687-1EB32F9D6E5A}.Release|Any CPU.ActiveCfg = Release|Any CPU
		{7D40C3D9-D682-4811-B687-1EB32F9D6E5A}.Release|Any CPU.Build.0 = Release|Any CPU
		{7D40C3D9-D682-4811-B687-1EB32F9D6E5A}.Release|x64.ActiveCfg = Release|Any CPU
		{7D40C3D9-D682-4811-B687-1EB32F9D6E5A}.Release|x64.Build.0 = Release|Any CPU
		{7D40C3D9-D682-4811-B687-1EB32F9D6E5A}.Release|x86.ActiveCfg = Release|Any CPU
		{7D40C3D9-D682-4811-B687-1EB32F9D6E5A}.Release|x86.Build.0 = Release|Any CPU
		{04574954-5000-44F6-9288-F4A43D0E047C}.Debug|Any CPU.ActiveCfg = Debug|Any CPU
		{04574954-5000-44F6-9288-F4A43D0E047C}.Debug|Any CPU.Build.0 = Debug|Any CPU
		{04574954-5000-44F6-9288-F4A43D0E047C}.Debug|x64.ActiveCfg = Debug|Any CPU
		{04574954-5000-44F6-9288-F4A43D0E047C}.Debug|x64.Build.0 = Debug|Any CPU
		{04574954-5000-44F6-9288-F4A43D0E047C}.Debug|x86.ActiveCfg = Debug|Any CPU
		{04574954-5000-44F6-9288-F4A43D0E047C}.Debug|x86.Build.0 = Debug|Any CPU
		{04574954-5000-44F6-9288-F4A43D0E047C}.Release|Any CPU.ActiveCfg = Release|Any CPU
		{04574954-5000-44F6-9288-F4A43D0E047C}.Release|Any CPU.Build.0 = Release|Any CPU
		{04574954-5000-44F6-9288-F4A43D0E047C}.Release|x64.ActiveCfg = Release|Any CPU
		{04574954-5000-44F6-9288-F4A43D0E047C}.Release|x64.Build.0 = Release|Any CPU
		{04574954-5000-44F6-9288-F4A43D0E047C}.Release|x86.ActiveCfg = Release|Any CPU
		{04574954-5000-44F6-9288-F4A43D0E047C}.Release|x86.Build.0 = Release|Any CPU
		{3788A5E6-66B6-4BF0-9AF6-85BC6191CFE3}.Debug|Any CPU.ActiveCfg = Debug|Any CPU
		{3788A5E6-66B6-4BF0-9AF6-85BC6191CFE3}.Debug|Any CPU.Build.0 = Debug|Any CPU
		{3788A5E6-66B6-4BF0-9AF6-85BC6191CFE3}.Debug|x64.ActiveCfg = Debug|Any CPU
		{3788A5E6-66B6-4BF0-9AF6-85BC6191CFE3}.Debug|x64.Build.0 = Debug|Any CPU
		{3788A5E6-66B6-4BF0-9AF6-85BC6191CFE3}.Debug|x86.ActiveCfg = Debug|Any CPU
		{3788A5E6-66B6-4BF0-9AF6-85BC6191CFE3}.Debug|x86.Build.0 = Debug|Any CPU
		{3788A5E6-66B6-4BF0-9AF6-85BC6191CFE3}.Release|Any CPU.ActiveCfg = Release|Any CPU
		{3788A5E6-66B6-4BF0-9AF6-85BC6191CFE3}.Release|Any CPU.Build.0 = Release|Any CPU
		{3788A5E6-66B6-4BF0-9AF6-85BC6191CFE3}.Release|x64.ActiveCfg = Release|Any CPU
		{3788A5E6-66B6-4BF0-9AF6-85BC6191CFE3}.Release|x64.Build.0 = Release|Any CPU
		{3788A5E6-66B6-4BF0-9AF6-85BC6191CFE3}.Release|x86.ActiveCfg = Release|Any CPU
		{3788A5E6-66B6-4BF0-9AF6-85BC6191CFE3}.Release|x86.Build.0 = Release|Any CPU
		{B5ECC734-C920-494B-A167-548E05DBCF65}.Debug|Any CPU.ActiveCfg = Debug|Any CPU
		{B5ECC734-C920-494B-A167-548E05DBCF65}.Debug|Any CPU.Build.0 = Debug|Any CPU
		{B5ECC734-C920-494B-A167-548E05DBCF65}.Debug|x64.ActiveCfg = Debug|Any CPU
		{B5ECC734-C920-494B-A167-548E05DBCF65}.Debug|x64.Build.0 = Debug|Any CPU
		{B5ECC734-C920-494B-A167-548E05DBCF65}.Debug|x86.ActiveCfg = Debug|Any CPU
		{B5ECC734-C920-494B-A167-548E05DBCF65}.Debug|x86.Build.0 = Debug|Any CPU
		{B5ECC734-C920-494B-A167-548E05DBCF65}.Release|Any CPU.ActiveCfg = Release|Any CPU
		{B5ECC734-C920-494B-A167-548E05DBCF65}.Release|Any CPU.Build.0 = Release|Any CPU
		{B5ECC734-C920-494B-A167-548E05DBCF65}.Release|x64.ActiveCfg = Release|Any CPU
		{B5ECC734-C920-494B-A167-548E05DBCF65}.Release|x64.Build.0 = Release|Any CPU
		{B5ECC734-C920-494B-A167-548E05DBCF65}.Release|x86.ActiveCfg = Release|Any CPU
		{B5ECC734-C920-494B-A167-548E05DBCF65}.Release|x86.Build.0 = Release|Any CPU
		{7DDC019C-5FC1-4112-99D8-141CF03D6755}.Debug|Any CPU.ActiveCfg = Debug|Any CPU
		{7DDC019C-5FC1-4112-99D8-141CF03D6755}.Debug|Any CPU.Build.0 = Debug|Any CPU
		{7DDC019C-5FC1-4112-99D8-141CF03D6755}.Debug|x64.ActiveCfg = Debug|Any CPU
		{7DDC019C-5FC1-4112-99D8-141CF03D6755}.Debug|x64.Build.0 = Debug|Any CPU
		{7DDC019C-5FC1-4112-99D8-141CF03D6755}.Debug|x86.ActiveCfg = Debug|Any CPU
		{7DDC019C-5FC1-4112-99D8-141CF03D6755}.Debug|x86.Build.0 = Debug|Any CPU
		{7DDC019C-5FC1-4112-99D8-141CF03D6755}.Release|Any CPU.ActiveCfg = Release|Any CPU
		{7DDC019C-5FC1-4112-99D8-141CF03D6755}.Release|Any CPU.Build.0 = Release|Any CPU
		{7DDC019C-5FC1-4112-99D8-141CF03D6755}.Release|x64.ActiveCfg = Release|Any CPU
		{7DDC019C-5FC1-4112-99D8-141CF03D6755}.Release|x64.Build.0 = Release|Any CPU
		{7DDC019C-5FC1-4112-99D8-141CF03D6755}.Release|x86.ActiveCfg = Release|Any CPU
		{7DDC019C-5FC1-4112-99D8-141CF03D6755}.Release|x86.Build.0 = Release|Any CPU
		{A87B3D93-87FB-45A0-A27E-A3D3A1AD9098}.Debug|Any CPU.ActiveCfg = Debug|Any CPU
		{A87B3D93-87FB-45A0-A27E-A3D3A1AD9098}.Debug|Any CPU.Build.0 = Debug|Any CPU
		{A87B3D93-87FB-45A0-A27E-A3D3A1AD9098}.Debug|x64.ActiveCfg = Debug|Any CPU
		{A87B3D93-87FB-45A0-A27E-A3D3A1AD9098}.Debug|x64.Build.0 = Debug|Any CPU
		{A87B3D93-87FB-45A0-A27E-A3D3A1AD9098}.Debug|x86.ActiveCfg = Debug|Any CPU
		{A87B3D93-87FB-45A0-A27E-A3D3A1AD9098}.Debug|x86.Build.0 = Debug|Any CPU
		{A87B3D93-87FB-45A0-A27E-A3D3A1AD9098}.Release|Any CPU.ActiveCfg = Release|Any CPU
		{A87B3D93-87FB-45A0-A27E-A3D3A1AD9098}.Release|Any CPU.Build.0 = Release|Any CPU
		{A87B3D93-87FB-45A0-A27E-A3D3A1AD9098}.Release|x64.ActiveCfg = Release|Any CPU
		{A87B3D93-87FB-45A0-A27E-A3D3A1AD9098}.Release|x64.Build.0 = Release|Any CPU
		{A87B3D93-87FB-45A0-A27E-A3D3A1AD9098}.Release|x86.ActiveCfg = Release|Any CPU
		{A87B3D93-87FB-45A0-A27E-A3D3A1AD9098}.Release|x86.Build.0 = Release|Any CPU
		{17C8FD45-827D-44D9-A79E-3A6EF4D5621C}.Debug|Any CPU.ActiveCfg = Debug|Any CPU
		{17C8FD45-827D-44D9-A79E-3A6EF4D5621C}.Debug|Any CPU.Build.0 = Debug|Any CPU
		{17C8FD45-827D-44D9-A79E-3A6EF4D5621C}.Debug|x64.ActiveCfg = Debug|Any CPU
		{17C8FD45-827D-44D9-A79E-3A6EF4D5621C}.Debug|x64.Build.0 = Debug|Any CPU
		{17C8FD45-827D-44D9-A79E-3A6EF4D5621C}.Debug|x86.ActiveCfg = Debug|Any CPU
		{17C8FD45-827D-44D9-A79E-3A6EF4D5621C}.Debug|x86.Build.0 = Debug|Any CPU
		{17C8FD45-827D-44D9-A79E-3A6EF4D5621C}.Release|Any CPU.ActiveCfg = Release|Any CPU
		{17C8FD45-827D-44D9-A79E-3A6EF4D5621C}.Release|Any CPU.Build.0 = Release|Any CPU
		{17C8FD45-827D-44D9-A79E-3A6EF4D5621C}.Release|x64.ActiveCfg = Release|Any CPU
		{17C8FD45-827D-44D9-A79E-3A6EF4D5621C}.Release|x64.Build.0 = Release|Any CPU
		{17C8FD45-827D-44D9-A79E-3A6EF4D5621C}.Release|x86.ActiveCfg = Release|Any CPU
		{17C8FD45-827D-44D9-A79E-3A6EF4D5621C}.Release|x86.Build.0 = Release|Any CPU
		{3B1DE3FC-9DE5-4C66-83B4-739872D1F013}.Debug|Any CPU.ActiveCfg = Debug|Any CPU
		{3B1DE3FC-9DE5-4C66-83B4-739872D1F013}.Debug|Any CPU.Build.0 = Debug|Any CPU
		{3B1DE3FC-9DE5-4C66-83B4-739872D1F013}.Debug|x64.ActiveCfg = Debug|Any CPU
		{3B1DE3FC-9DE5-4C66-83B4-739872D1F013}.Debug|x64.Build.0 = Debug|Any CPU
		{3B1DE3FC-9DE5-4C66-83B4-739872D1F013}.Debug|x86.ActiveCfg = Debug|Any CPU
		{3B1DE3FC-9DE5-4C66-83B4-739872D1F013}.Debug|x86.Build.0 = Debug|Any CPU
		{3B1DE3FC-9DE5-4C66-83B4-739872D1F013}.Release|Any CPU.ActiveCfg = Release|Any CPU
		{3B1DE3FC-9DE5-4C66-83B4-739872D1F013}.Release|Any CPU.Build.0 = Release|Any CPU
		{3B1DE3FC-9DE5-4C66-83B4-739872D1F013}.Release|x64.ActiveCfg = Release|Any CPU
		{3B1DE3FC-9DE5-4C66-83B4-739872D1F013}.Release|x64.Build.0 = Release|Any CPU
		{3B1DE3FC-9DE5-4C66-83B4-739872D1F013}.Release|x86.ActiveCfg = Release|Any CPU
		{3B1DE3FC-9DE5-4C66-83B4-739872D1F013}.Release|x86.Build.0 = Release|Any CPU
		{19361A7D-F9EC-46F6-99DD-97930D4A3CFC}.Debug|Any CPU.ActiveCfg = Debug|Any CPU
		{19361A7D-F9EC-46F6-99DD-97930D4A3CFC}.Debug|Any CPU.Build.0 = Debug|Any CPU
		{19361A7D-F9EC-46F6-99DD-97930D4A3CFC}.Debug|x64.ActiveCfg = Debug|Any CPU
		{19361A7D-F9EC-46F6-99DD-97930D4A3CFC}.Debug|x64.Build.0 = Debug|Any CPU
		{19361A7D-F9EC-46F6-99DD-97930D4A3CFC}.Debug|x86.ActiveCfg = Debug|Any CPU
		{19361A7D-F9EC-46F6-99DD-97930D4A3CFC}.Debug|x86.Build.0 = Debug|Any CPU
		{19361A7D-F9EC-46F6-99DD-97930D4A3CFC}.Release|Any CPU.ActiveCfg = Release|Any CPU
		{19361A7D-F9EC-46F6-99DD-97930D4A3CFC}.Release|Any CPU.Build.0 = Release|Any CPU
		{19361A7D-F9EC-46F6-99DD-97930D4A3CFC}.Release|x64.ActiveCfg = Release|Any CPU
		{19361A7D-F9EC-46F6-99DD-97930D4A3CFC}.Release|x64.Build.0 = Release|Any CPU
		{19361A7D-F9EC-46F6-99DD-97930D4A3CFC}.Release|x86.ActiveCfg = Release|Any CPU
		{19361A7D-F9EC-46F6-99DD-97930D4A3CFC}.Release|x86.Build.0 = Release|Any CPU
		{0F8456C2-C480-4364-96CE-7E49A4738A7C}.Debug|Any CPU.ActiveCfg = Debug|Any CPU
		{0F8456C2-C480-4364-96CE-7E49A4738A7C}.Debug|Any CPU.Build.0 = Debug|Any CPU
		{0F8456C2-C480-4364-96CE-7E49A4738A7C}.Debug|x64.ActiveCfg = Debug|Any CPU
		{0F8456C2-C480-4364-96CE-7E49A4738A7C}.Debug|x64.Build.0 = Debug|Any CPU
		{0F8456C2-C480-4364-96CE-7E49A4738A7C}.Debug|x86.ActiveCfg = Debug|Any CPU
		{0F8456C2-C480-4364-96CE-7E49A4738A7C}.Debug|x86.Build.0 = Debug|Any CPU
		{0F8456C2-C480-4364-96CE-7E49A4738A7C}.Release|Any CPU.ActiveCfg = Release|Any CPU
		{0F8456C2-C480-4364-96CE-7E49A4738A7C}.Release|Any CPU.Build.0 = Release|Any CPU
		{0F8456C2-C480-4364-96CE-7E49A4738A7C}.Release|x64.ActiveCfg = Release|Any CPU
		{0F8456C2-C480-4364-96CE-7E49A4738A7C}.Release|x64.Build.0 = Release|Any CPU
		{0F8456C2-C480-4364-96CE-7E49A4738A7C}.Release|x86.ActiveCfg = Release|Any CPU
		{0F8456C2-C480-4364-96CE-7E49A4738A7C}.Release|x86.Build.0 = Release|Any CPU
		{D83A52D4-C846-4F58-A6AF-EAFD0ED82F54}.Debug|Any CPU.ActiveCfg = Debug|Any CPU
		{D83A52D4-C846-4F58-A6AF-EAFD0ED82F54}.Debug|Any CPU.Build.0 = Debug|Any CPU
		{D83A52D4-C846-4F58-A6AF-EAFD0ED82F54}.Debug|x64.ActiveCfg = Debug|Any CPU
		{D83A52D4-C846-4F58-A6AF-EAFD0ED82F54}.Debug|x64.Build.0 = Debug|Any CPU
		{D83A52D4-C846-4F58-A6AF-EAFD0ED82F54}.Debug|x86.ActiveCfg = Debug|Any CPU
		{D83A52D4-C846-4F58-A6AF-EAFD0ED82F54}.Debug|x86.Build.0 = Debug|Any CPU
		{D83A52D4-C846-4F58-A6AF-EAFD0ED82F54}.Release|Any CPU.ActiveCfg = Release|Any CPU
		{D83A52D4-C846-4F58-A6AF-EAFD0ED82F54}.Release|Any CPU.Build.0 = Release|Any CPU
		{D83A52D4-C846-4F58-A6AF-EAFD0ED82F54}.Release|x64.ActiveCfg = Release|Any CPU
		{D83A52D4-C846-4F58-A6AF-EAFD0ED82F54}.Release|x64.Build.0 = Release|Any CPU
		{D83A52D4-C846-4F58-A6AF-EAFD0ED82F54}.Release|x86.ActiveCfg = Release|Any CPU
		{D83A52D4-C846-4F58-A6AF-EAFD0ED82F54}.Release|x86.Build.0 = Release|Any CPU
		{CE199D0A-5555-408F-92D5-0946577DF1BE}.Debug|Any CPU.ActiveCfg = Debug|Any CPU
		{CE199D0A-5555-408F-92D5-0946577DF1BE}.Debug|Any CPU.Build.0 = Debug|Any CPU
		{CE199D0A-5555-408F-92D5-0946577DF1BE}.Debug|x64.ActiveCfg = Debug|Any CPU
		{CE199D0A-5555-408F-92D5-0946577DF1BE}.Debug|x64.Build.0 = Debug|Any CPU
		{CE199D0A-5555-408F-92D5-0946577DF1BE}.Debug|x86.ActiveCfg = Debug|Any CPU
		{CE199D0A-5555-408F-92D5-0946577DF1BE}.Debug|x86.Build.0 = Debug|Any CPU
		{CE199D0A-5555-408F-92D5-0946577DF1BE}.Release|Any CPU.ActiveCfg = Release|Any CPU
		{CE199D0A-5555-408F-92D5-0946577DF1BE}.Release|Any CPU.Build.0 = Release|Any CPU
		{CE199D0A-5555-408F-92D5-0946577DF1BE}.Release|x64.ActiveCfg = Release|Any CPU
		{CE199D0A-5555-408F-92D5-0946577DF1BE}.Release|x64.Build.0 = Release|Any CPU
		{CE199D0A-5555-408F-92D5-0946577DF1BE}.Release|x86.ActiveCfg = Release|Any CPU
		{CE199D0A-5555-408F-92D5-0946577DF1BE}.Release|x86.Build.0 = Release|Any CPU
	EndGlobalSection
	GlobalSection(SolutionProperties) = preSolution
		HideSolutionNode = FALSE
	EndGlobalSection
	GlobalSection(ExtensibilityGlobals) = postSolution
		SolutionGuid = {4141E43C-78BF-4295-9BF6-0E303AC58513}
	EndGlobalSection
EndGlobal
