
Microsoft Visual Studio Solution File, Format Version 12.00
# Visual Studio Version 16
VisualStudioVersion = 16.0.29613.14
MinimumVisualStudioVersion = 10.0.40219.1
Project("{9A19103F-16F7-4668-BE54-9A1E7A4F7556}") = "Avalanche.Api", "Avalanche.Api\Avalanche.Api.csproj", "{0172DBD1-8C5C-4C59-8FD1-AEFF96121627}"
EndProject
Project("{9A19103F-16F7-4668-BE54-9A1E7A4F7556}") = "Avalanche.Shared.Domain", "Avalanche.Shared.Domain\Avalanche.Shared.Domain.csproj", "{4DBF83D8-AD38-4D39-8F4B-97EB71D5B25D}"
EndProject
Project("{9A19103F-16F7-4668-BE54-9A1E7A4F7556}") = "Avalanche.Shared.Infrastructure", "Avalanche.Shared.Infrastructure\Avalanche.Shared.Infrastructure.csproj", "{81F9FDCC-1A67-45AF-B7EE-B8AF52F7B88A}"
EndProject
Project("{9A19103F-16F7-4668-BE54-9A1E7A4F7556}") = "Avalanche.Api.Tests", "Avalanche.Api.Tests\Avalanche.Api.Tests.csproj", "{C536C509-7C5D-4079-8402-6CFE65914DD5}"
EndProject
Project("{E53339B2-1760-4266-BCC7-CA923CBCF16C}") = "docker-compose", "docker-compose.dcproj", "{0F48DC9B-EFED-46F2-A5B8-48B05D85678E}"
EndProject
Project("{9A19103F-16F7-4668-BE54-9A1E7A4F7556}") = "Avalanche.Security.Server", "Avalanche.Security.Server\Avalanche.Security.Server.csproj", "{008B9FC4-11D2-471D-A092-E2623B7571E9}"
EndProject
Project("{2150E333-8FDC-42A3-9474-1A3956D46DE8}") = "Api", "Api", "{24C247C0-1728-41DE-AEE0-0BF32F2758C4}"
EndProject
Project("{2150E333-8FDC-42A3-9474-1A3956D46DE8}") = "Tests", "Tests", "{907645CA-DE39-41DE-9B95-3C233CE26ABA}"
EndProject
Project("{2150E333-8FDC-42A3-9474-1A3956D46DE8}") = "Shared", "Shared", "{C0B1EA2E-9724-4020-A2B1-5653D739E661}"
EndProject
Project("{9A19103F-16F7-4668-BE54-9A1E7A4F7556}") = "Avalanche.Security.Server.Tests", "Avalanche.Security.Server.Tests\Avalanche.Security.Server.Tests.csproj", "{E99E1EB2-5D99-48A4-8009-6AC06963479F}"
EndProject
Global
	GlobalSection(SolutionConfigurationPlatforms) = preSolution
		Avalanche-Api-Sonar|Any CPU = Avalanche-Api-Sonar|Any CPU
		Debug|Any CPU = Debug|Any CPU
		Release|Any CPU = Release|Any CPU
	EndGlobalSection
	GlobalSection(ProjectConfigurationPlatforms) = postSolution
		{0172DBD1-8C5C-4C59-8FD1-AEFF96121627}.Avalanche-Api-Sonar|Any CPU.ActiveCfg = Release|Any CPU
		{0172DBD1-8C5C-4C59-8FD1-AEFF96121627}.Avalanche-Api-Sonar|Any CPU.Build.0 = Release|Any CPU
		{0172DBD1-8C5C-4C59-8FD1-AEFF96121627}.Debug|Any CPU.ActiveCfg = Debug|Any CPU
		{0172DBD1-8C5C-4C59-8FD1-AEFF96121627}.Debug|Any CPU.Build.0 = Debug|Any CPU
		{0172DBD1-8C5C-4C59-8FD1-AEFF96121627}.Release|Any CPU.ActiveCfg = Release|Any CPU
		{0172DBD1-8C5C-4C59-8FD1-AEFF96121627}.Release|Any CPU.Build.0 = Release|Any CPU
		{4DBF83D8-AD38-4D39-8F4B-97EB71D5B25D}.Avalanche-Api-Sonar|Any CPU.ActiveCfg = Release|Any CPU
		{4DBF83D8-AD38-4D39-8F4B-97EB71D5B25D}.Debug|Any CPU.ActiveCfg = Debug|Any CPU
		{4DBF83D8-AD38-4D39-8F4B-97EB71D5B25D}.Debug|Any CPU.Build.0 = Debug|Any CPU
		{4DBF83D8-AD38-4D39-8F4B-97EB71D5B25D}.Release|Any CPU.ActiveCfg = Release|Any CPU
		{4DBF83D8-AD38-4D39-8F4B-97EB71D5B25D}.Release|Any CPU.Build.0 = Release|Any CPU
		{81F9FDCC-1A67-45AF-B7EE-B8AF52F7B88A}.Avalanche-Api-Sonar|Any CPU.ActiveCfg = Release|Any CPU
		{81F9FDCC-1A67-45AF-B7EE-B8AF52F7B88A}.Debug|Any CPU.ActiveCfg = Debug|Any CPU
		{81F9FDCC-1A67-45AF-B7EE-B8AF52F7B88A}.Debug|Any CPU.Build.0 = Debug|Any CPU
		{81F9FDCC-1A67-45AF-B7EE-B8AF52F7B88A}.Release|Any CPU.ActiveCfg = Release|Any CPU
		{81F9FDCC-1A67-45AF-B7EE-B8AF52F7B88A}.Release|Any CPU.Build.0 = Release|Any CPU
		{C536C509-7C5D-4079-8402-6CFE65914DD5}.Avalanche-Api-Sonar|Any CPU.ActiveCfg = Release|Any CPU
		{C536C509-7C5D-4079-8402-6CFE65914DD5}.Avalanche-Api-Sonar|Any CPU.Build.0 = Release|Any CPU
		{C536C509-7C5D-4079-8402-6CFE65914DD5}.Debug|Any CPU.ActiveCfg = Debug|Any CPU
		{C536C509-7C5D-4079-8402-6CFE65914DD5}.Debug|Any CPU.Build.0 = Debug|Any CPU
		{C536C509-7C5D-4079-8402-6CFE65914DD5}.Release|Any CPU.ActiveCfg = Release|Any CPU
		{C536C509-7C5D-4079-8402-6CFE65914DD5}.Release|Any CPU.Build.0 = Release|Any CPU
		{0F48DC9B-EFED-46F2-A5B8-48B05D85678E}.Avalanche-Api-Sonar|Any CPU.ActiveCfg = Release|Any CPU
		{0F48DC9B-EFED-46F2-A5B8-48B05D85678E}.Debug|Any CPU.ActiveCfg = Debug|Any CPU
		{0F48DC9B-EFED-46F2-A5B8-48B05D85678E}.Debug|Any CPU.Build.0 = Debug|Any CPU
		{0F48DC9B-EFED-46F2-A5B8-48B05D85678E}.Release|Any CPU.ActiveCfg = Release|Any CPU
		{0F48DC9B-EFED-46F2-A5B8-48B05D85678E}.Release|Any CPU.Build.0 = Release|Any CPU
		{008B9FC4-11D2-471D-A092-E2623B7571E9}.Avalanche-Api-Sonar|Any CPU.ActiveCfg = Release|Any CPU
		{008B9FC4-11D2-471D-A092-E2623B7571E9}.Debug|Any CPU.ActiveCfg = Debug|Any CPU
		{008B9FC4-11D2-471D-A092-E2623B7571E9}.Debug|Any CPU.Build.0 = Debug|Any CPU
		{008B9FC4-11D2-471D-A092-E2623B7571E9}.Release|Any CPU.ActiveCfg = Release|Any CPU
		{008B9FC4-11D2-471D-A092-E2623B7571E9}.Release|Any CPU.Build.0 = Release|Any CPU
		{E99E1EB2-5D99-48A4-8009-6AC06963479F}.Avalanche-Api-Sonar|Any CPU.ActiveCfg = Release|Any CPU
		{E99E1EB2-5D99-48A4-8009-6AC06963479F}.Debug|Any CPU.ActiveCfg = Debug|Any CPU
		{E99E1EB2-5D99-48A4-8009-6AC06963479F}.Debug|Any CPU.Build.0 = Debug|Any CPU
		{E99E1EB2-5D99-48A4-8009-6AC06963479F}.Release|Any CPU.ActiveCfg = Release|Any CPU
		{E99E1EB2-5D99-48A4-8009-6AC06963479F}.Release|Any CPU.Build.0 = Release|Any CPU
	EndGlobalSection
	GlobalSection(SolutionProperties) = preSolution
		HideSolutionNode = FALSE
	EndGlobalSection
	GlobalSection(NestedProjects) = preSolution
		{0172DBD1-8C5C-4C59-8FD1-AEFF96121627} = {24C247C0-1728-41DE-AEE0-0BF32F2758C4}
		{4DBF83D8-AD38-4D39-8F4B-97EB71D5B25D} = {C0B1EA2E-9724-4020-A2B1-5653D739E661}
		{81F9FDCC-1A67-45AF-B7EE-B8AF52F7B88A} = {C0B1EA2E-9724-4020-A2B1-5653D739E661}
		{C536C509-7C5D-4079-8402-6CFE65914DD5} = {907645CA-DE39-41DE-9B95-3C233CE26ABA}
		{008B9FC4-11D2-471D-A092-E2623B7571E9} = {24C247C0-1728-41DE-AEE0-0BF32F2758C4}
		{E99E1EB2-5D99-48A4-8009-6AC06963479F} = {907645CA-DE39-41DE-9B95-3C233CE26ABA}
	EndGlobalSection
	GlobalSection(ExtensibilityGlobals) = postSolution
		SolutionGuid = {054B7929-176A-44EB-BF77-6C11E9C160D7}
	EndGlobalSection
EndGlobal
