
Microsoft Visual Studio Solution File, Format Version 12.00
# Visual Studio Version 16
VisualStudioVersion = 16.0.32106.194
MinimumVisualStudioVersion = 10.0.40219.1
Project("{9A19103F-16F7-4668-BE54-9A1E7A4F7556}") = "Avalanche.Api", "Avalanche.Api\Avalanche.Api.csproj", "{0172DBD1-8C5C-4C59-8FD1-AEFF96121627}"
EndProject
Project("{9A19103F-16F7-4668-BE54-9A1E7A4F7556}") = "Avalanche.Shared.Domain", "Avalanche.Shared.Domain\Avalanche.Shared.Domain.csproj", "{4DBF83D8-AD38-4D39-8F4B-97EB71D5B25D}"
EndProject
Project("{9A19103F-16F7-4668-BE54-9A1E7A4F7556}") = "Avalanche.Shared.Infrastructure", "Avalanche.Shared.Infrastructure\Avalanche.Shared.Infrastructure.csproj", "{81F9FDCC-1A67-45AF-B7EE-B8AF52F7B88A}"
EndProject
Project("{2150E333-8FDC-42A3-9474-1A3956D46DE8}") = "Api", "Api", "{24C247C0-1728-41DE-AEE0-0BF32F2758C4}"
EndProject
Project("{2150E333-8FDC-42A3-9474-1A3956D46DE8}") = "Tests", "Tests", "{907645CA-DE39-41DE-9B95-3C233CE26ABA}"
EndProject
Project("{2150E333-8FDC-42A3-9474-1A3956D46DE8}") = "Shared", "Shared", "{C0B1EA2E-9724-4020-A2B1-5653D739E661}"
EndProject
Project("{2150E333-8FDC-42A3-9474-1A3956D46DE8}") = "Solution Items", "Solution Items", "{694C7231-4426-427B-A66E-FCBF2959A040}"
	ProjectSection(SolutionItems) = preProject
		.editorconfig = .editorconfig
		NuGet.Config = NuGet.Config
	EndProjectSection
EndProject
Project("{9A19103F-16F7-4668-BE54-9A1E7A4F7556}") = "Avalanche.Api.Test", "Test\Avalanche.Api.Test\Avalanche.Api.Test.csproj", "{45B87C4C-1C93-4490-98E3-C0E8BA6D2128}"
EndProject
Project("{2150E333-8FDC-42A3-9474-1A3956D46DE8}") = "Security", "Security", "{01A1893A-FC5E-4F22-A827-E4CF5FCCABCE}"
EndProject
Project("{9A19103F-16F7-4668-BE54-9A1E7A4F7556}") = "Avalanche.Security.Server.Client", "Avalanche.Security.Server.Client\Avalanche.Security.Server.Client.csproj", "{3FF8E815-DC75-47AF-8DED-0DA18204724B}"
EndProject
Project("{9A19103F-16F7-4668-BE54-9A1E7A4F7556}") = "Avalanche.Security.Server.Core", "Avalanche.Security.Server.Core\Avalanche.Security.Server.Core.csproj", "{8A8605DB-3740-469A-BA18-CB825723D63D}"
EndProject
Project("{9A19103F-16F7-4668-BE54-9A1E7A4F7556}") = "Avalanche.Security.Server", "Avalanche.Security.Server\Avalanche.Security.Server.csproj", "{4EDF525A-1D06-4E28-B303-36CD08EB4F7E}"
EndProject
Project("{9A19103F-16F7-4668-BE54-9A1E7A4F7556}") = "Avalanche.Security.Server.Test", "Test\Avalanche.Security.Server.Test\Avalanche.Security.Server.Test.csproj", "{49B431F1-9AE6-43FB-AF6A-068FBBF4ED62}"
EndProject
Project("{2150E333-8FDC-42A3-9474-1A3956D46DE8}") = "Integration", "Integration", "{222F170B-7FB7-4263-881D-C73A524159DC}"
EndProject
Project("{9A19103F-16F7-4668-BE54-9A1E7A4F7556}") = "Avalanche.Security.Server.Integration", "Integration\Avalanche.Security.Server.Integration\Avalanche.Security.Server.Integration.csproj", "{03872C9F-7EDE-4C9E-A6F0-3163EE6E49CD}"
EndProject
Global
	GlobalSection(SolutionConfigurationPlatforms) = preSolution
		Debug|Any CPU = Debug|Any CPU
		DebugLocal|Any CPU = DebugLocal|Any CPU
		Release|Any CPU = Release|Any CPU
	EndGlobalSection
	GlobalSection(ProjectConfigurationPlatforms) = postSolution
		{0172DBD1-8C5C-4C59-8FD1-AEFF96121627}.Debug|Any CPU.ActiveCfg = Debug|Any CPU
		{0172DBD1-8C5C-4C59-8FD1-AEFF96121627}.Debug|Any CPU.Build.0 = Debug|Any CPU
		{0172DBD1-8C5C-4C59-8FD1-AEFF96121627}.DebugLocal|Any CPU.ActiveCfg = DebugLocal|Any CPU
		{0172DBD1-8C5C-4C59-8FD1-AEFF96121627}.DebugLocal|Any CPU.Build.0 = DebugLocal|Any CPU
		{0172DBD1-8C5C-4C59-8FD1-AEFF96121627}.Release|Any CPU.ActiveCfg = Release|Any CPU
		{0172DBD1-8C5C-4C59-8FD1-AEFF96121627}.Release|Any CPU.Build.0 = Release|Any CPU
		{4DBF83D8-AD38-4D39-8F4B-97EB71D5B25D}.Debug|Any CPU.ActiveCfg = Debug|Any CPU
		{4DBF83D8-AD38-4D39-8F4B-97EB71D5B25D}.Debug|Any CPU.Build.0 = Debug|Any CPU
		{4DBF83D8-AD38-4D39-8F4B-97EB71D5B25D}.DebugLocal|Any CPU.ActiveCfg = DebugLocal|Any CPU
		{4DBF83D8-AD38-4D39-8F4B-97EB71D5B25D}.DebugLocal|Any CPU.Build.0 = DebugLocal|Any CPU
		{4DBF83D8-AD38-4D39-8F4B-97EB71D5B25D}.Release|Any CPU.ActiveCfg = Release|Any CPU
		{4DBF83D8-AD38-4D39-8F4B-97EB71D5B25D}.Release|Any CPU.Build.0 = Release|Any CPU
		{81F9FDCC-1A67-45AF-B7EE-B8AF52F7B88A}.Debug|Any CPU.ActiveCfg = Debug|Any CPU
		{81F9FDCC-1A67-45AF-B7EE-B8AF52F7B88A}.Debug|Any CPU.Build.0 = Debug|Any CPU
		{81F9FDCC-1A67-45AF-B7EE-B8AF52F7B88A}.DebugLocal|Any CPU.ActiveCfg = DebugLocal|Any CPU
		{81F9FDCC-1A67-45AF-B7EE-B8AF52F7B88A}.DebugLocal|Any CPU.Build.0 = DebugLocal|Any CPU
		{81F9FDCC-1A67-45AF-B7EE-B8AF52F7B88A}.Release|Any CPU.ActiveCfg = Release|Any CPU
		{81F9FDCC-1A67-45AF-B7EE-B8AF52F7B88A}.Release|Any CPU.Build.0 = Release|Any CPU
		{45B87C4C-1C93-4490-98E3-C0E8BA6D2128}.Debug|Any CPU.ActiveCfg = Debug|Any CPU
		{45B87C4C-1C93-4490-98E3-C0E8BA6D2128}.Debug|Any CPU.Build.0 = Debug|Any CPU
		{45B87C4C-1C93-4490-98E3-C0E8BA6D2128}.DebugLocal|Any CPU.ActiveCfg = DebugLocal|Any CPU
		{45B87C4C-1C93-4490-98E3-C0E8BA6D2128}.DebugLocal|Any CPU.Build.0 = DebugLocal|Any CPU
		{45B87C4C-1C93-4490-98E3-C0E8BA6D2128}.Release|Any CPU.ActiveCfg = Release|Any CPU
		{45B87C4C-1C93-4490-98E3-C0E8BA6D2128}.Release|Any CPU.Build.0 = Release|Any CPU
		{3FF8E815-DC75-47AF-8DED-0DA18204724B}.Debug|Any CPU.ActiveCfg = Debug|Any CPU
		{3FF8E815-DC75-47AF-8DED-0DA18204724B}.Debug|Any CPU.Build.0 = Debug|Any CPU
		{3FF8E815-DC75-47AF-8DED-0DA18204724B}.DebugLocal|Any CPU.ActiveCfg = DebugLocal|Any CPU
		{3FF8E815-DC75-47AF-8DED-0DA18204724B}.DebugLocal|Any CPU.Build.0 = DebugLocal|Any CPU
		{3FF8E815-DC75-47AF-8DED-0DA18204724B}.Release|Any CPU.ActiveCfg = Release|Any CPU
		{3FF8E815-DC75-47AF-8DED-0DA18204724B}.Release|Any CPU.Build.0 = Release|Any CPU
		{8A8605DB-3740-469A-BA18-CB825723D63D}.Debug|Any CPU.ActiveCfg = Debug|Any CPU
		{8A8605DB-3740-469A-BA18-CB825723D63D}.Debug|Any CPU.Build.0 = Debug|Any CPU
		{8A8605DB-3740-469A-BA18-CB825723D63D}.DebugLocal|Any CPU.ActiveCfg = DebugLocal|Any CPU
		{8A8605DB-3740-469A-BA18-CB825723D63D}.DebugLocal|Any CPU.Build.0 = DebugLocal|Any CPU
		{8A8605DB-3740-469A-BA18-CB825723D63D}.Release|Any CPU.ActiveCfg = Release|Any CPU
		{8A8605DB-3740-469A-BA18-CB825723D63D}.Release|Any CPU.Build.0 = Release|Any CPU
		{4EDF525A-1D06-4E28-B303-36CD08EB4F7E}.Debug|Any CPU.ActiveCfg = Debug|Any CPU
		{4EDF525A-1D06-4E28-B303-36CD08EB4F7E}.Debug|Any CPU.Build.0 = Debug|Any CPU
		{4EDF525A-1D06-4E28-B303-36CD08EB4F7E}.DebugLocal|Any CPU.ActiveCfg = DebugLocal|Any CPU
		{4EDF525A-1D06-4E28-B303-36CD08EB4F7E}.DebugLocal|Any CPU.Build.0 = DebugLocal|Any CPU
		{4EDF525A-1D06-4E28-B303-36CD08EB4F7E}.Release|Any CPU.ActiveCfg = Release|Any CPU
		{4EDF525A-1D06-4E28-B303-36CD08EB4F7E}.Release|Any CPU.Build.0 = Release|Any CPU
		{49B431F1-9AE6-43FB-AF6A-068FBBF4ED62}.Debug|Any CPU.ActiveCfg = Debug|Any CPU
		{49B431F1-9AE6-43FB-AF6A-068FBBF4ED62}.Debug|Any CPU.Build.0 = Debug|Any CPU
		{49B431F1-9AE6-43FB-AF6A-068FBBF4ED62}.DebugLocal|Any CPU.ActiveCfg = DebugLocal|Any CPU
		{49B431F1-9AE6-43FB-AF6A-068FBBF4ED62}.DebugLocal|Any CPU.Build.0 = DebugLocal|Any CPU
		{49B431F1-9AE6-43FB-AF6A-068FBBF4ED62}.Release|Any CPU.ActiveCfg = Release|Any CPU
		{49B431F1-9AE6-43FB-AF6A-068FBBF4ED62}.Release|Any CPU.Build.0 = Release|Any CPU
		{03872C9F-7EDE-4C9E-A6F0-3163EE6E49CD}.Debug|Any CPU.ActiveCfg = Debug|Any CPU
		{03872C9F-7EDE-4C9E-A6F0-3163EE6E49CD}.Debug|Any CPU.Build.0 = Debug|Any CPU
		{03872C9F-7EDE-4C9E-A6F0-3163EE6E49CD}.DebugLocal|Any CPU.ActiveCfg = Debug|Any CPU
		{03872C9F-7EDE-4C9E-A6F0-3163EE6E49CD}.DebugLocal|Any CPU.Build.0 = Debug|Any CPU
		{03872C9F-7EDE-4C9E-A6F0-3163EE6E49CD}.Release|Any CPU.ActiveCfg = Release|Any CPU
		{03872C9F-7EDE-4C9E-A6F0-3163EE6E49CD}.Release|Any CPU.Build.0 = Release|Any CPU
	EndGlobalSection
	GlobalSection(SolutionProperties) = preSolution
		HideSolutionNode = FALSE
	EndGlobalSection
	GlobalSection(NestedProjects) = preSolution
		{0172DBD1-8C5C-4C59-8FD1-AEFF96121627} = {24C247C0-1728-41DE-AEE0-0BF32F2758C4}
		{4DBF83D8-AD38-4D39-8F4B-97EB71D5B25D} = {C0B1EA2E-9724-4020-A2B1-5653D739E661}
		{81F9FDCC-1A67-45AF-B7EE-B8AF52F7B88A} = {C0B1EA2E-9724-4020-A2B1-5653D739E661}
		{45B87C4C-1C93-4490-98E3-C0E8BA6D2128} = {907645CA-DE39-41DE-9B95-3C233CE26ABA}
		{3FF8E815-DC75-47AF-8DED-0DA18204724B} = {01A1893A-FC5E-4F22-A827-E4CF5FCCABCE}
		{8A8605DB-3740-469A-BA18-CB825723D63D} = {01A1893A-FC5E-4F22-A827-E4CF5FCCABCE}
		{4EDF525A-1D06-4E28-B303-36CD08EB4F7E} = {01A1893A-FC5E-4F22-A827-E4CF5FCCABCE}
		{49B431F1-9AE6-43FB-AF6A-068FBBF4ED62} = {907645CA-DE39-41DE-9B95-3C233CE26ABA}
		{03872C9F-7EDE-4C9E-A6F0-3163EE6E49CD} = {222F170B-7FB7-4263-881D-C73A524159DC}
	EndGlobalSection
	GlobalSection(ExtensibilityGlobals) = postSolution
		SolutionGuid = {054B7929-176A-44EB-BF77-6C11E9C160D7}
	EndGlobalSection
EndGlobal
