
Microsoft Visual Studio Solution File, Format Version 12.00
# Visual Studio Version 16
VisualStudioVersion = 16.0.29613.14
MinimumVisualStudioVersion = 10.0.40219.1
Project("{9A19103F-16F7-4668-BE54-9A1E7A4F7556}") = "Avalanche.Api", "Avalanche.Api\Avalanche.Api.csproj", "{0172DBD1-8C5C-4C59-8FD1-AEFF96121627}"
EndProject
Project("{9A19103F-16F7-4668-BE54-9A1E7A4F7556}") = "Avalanche.Shared.Domain", "Avalanche.Shared.Domain\Avalanche.Shared.Domain.csproj", "{4DBF83D8-AD38-4D39-8F4B-97EB71D5B25D}"
EndProject
Project("{9A19103F-16F7-4668-BE54-9A1E7A4F7556}") = "Avalanche.Shared.Infrastructure", "Avalanche.Shared.Infrastructure\Avalanche.Shared.Infrastructure.csproj", "{81F9FDCC-1A67-45AF-B7EE-B8AF52F7B88A}"
EndProject
Project("{9A19103F-16F7-4668-BE54-9A1E7A4F7556}") = "Avalanche.Api.Tests", "Avalanche.Api.Tests\Avalanche.Api.Tests.csproj", "{C536C509-7C5D-4079-8402-6CFE65914DD5}"
EndProject
Project("{9A19103F-16F7-4668-BE54-9A1E7A4F7556}") = "Avalanche.Api.Broadcaster", "Avalanche.Api.Broadcaster\Avalanche.Api.Broadcaster.csproj", "{3B86D3B4-2AE9-4CF8-8BE4-90F7093091E0}"
EndProject
Project("{E53339B2-1760-4266-BCC7-CA923CBCF16C}") = "docker-compose", "docker-compose.dcproj", "{0F48DC9B-EFED-46F2-A5B8-48B05D85678E}"
EndProject
Project("{9A19103F-16F7-4668-BE54-9A1E7A4F7556}") = "Avalanche.Api.Broadcaster.Tester", "Avalanche.Api.Broadcaster.Tester\Avalanche.Api.Broadcaster.Tester.csproj", "{038BA2B1-61CB-45DF-9887-754C211FBBD2}"
EndProject
Project("{FAE04EC0-301F-11D3-BF4B-00C04F79EFBC}") = "Avalanche.Host.Service", "Avalanche.Host.Service\Avalanche.Host.Service.csproj", "{B68D5703-1617-4AE5-9DC3-84D4FF0E6987}"
EndProject
Project("{FAE04EC0-301F-11D3-BF4B-00C04F79EFBC}") = "Avalanche.Security.Server", "Avalanche.Security.Server\Avalanche.Security.Server.csproj", "{008B9FC4-11D2-471D-A092-E2623B7571E9}"
EndProject
Global
	GlobalSection(SolutionConfigurationPlatforms) = preSolution
		Debug|Any CPU = Debug|Any CPU
		Release|Any CPU = Release|Any CPU
	EndGlobalSection
	GlobalSection(ProjectConfigurationPlatforms) = postSolution
		{0172DBD1-8C5C-4C59-8FD1-AEFF96121627}.Debug|Any CPU.ActiveCfg = Debug|Any CPU
		{0172DBD1-8C5C-4C59-8FD1-AEFF96121627}.Debug|Any CPU.Build.0 = Debug|Any CPU
		{0172DBD1-8C5C-4C59-8FD1-AEFF96121627}.Release|Any CPU.ActiveCfg = Release|Any CPU
		{0172DBD1-8C5C-4C59-8FD1-AEFF96121627}.Release|Any CPU.Build.0 = Release|Any CPU
		{4DBF83D8-AD38-4D39-8F4B-97EB71D5B25D}.Debug|Any CPU.ActiveCfg = Debug|Any CPU
		{4DBF83D8-AD38-4D39-8F4B-97EB71D5B25D}.Debug|Any CPU.Build.0 = Debug|Any CPU
		{4DBF83D8-AD38-4D39-8F4B-97EB71D5B25D}.Release|Any CPU.ActiveCfg = Release|Any CPU
		{4DBF83D8-AD38-4D39-8F4B-97EB71D5B25D}.Release|Any CPU.Build.0 = Release|Any CPU
		{81F9FDCC-1A67-45AF-B7EE-B8AF52F7B88A}.Debug|Any CPU.ActiveCfg = Debug|Any CPU
		{81F9FDCC-1A67-45AF-B7EE-B8AF52F7B88A}.Debug|Any CPU.Build.0 = Debug|Any CPU
		{81F9FDCC-1A67-45AF-B7EE-B8AF52F7B88A}.Release|Any CPU.ActiveCfg = Release|Any CPU
		{81F9FDCC-1A67-45AF-B7EE-B8AF52F7B88A}.Release|Any CPU.Build.0 = Release|Any CPU
		{C536C509-7C5D-4079-8402-6CFE65914DD5}.Debug|Any CPU.ActiveCfg = Debug|Any CPU
		{C536C509-7C5D-4079-8402-6CFE65914DD5}.Debug|Any CPU.Build.0 = Debug|Any CPU
		{C536C509-7C5D-4079-8402-6CFE65914DD5}.Release|Any CPU.ActiveCfg = Release|Any CPU
		{C536C509-7C5D-4079-8402-6CFE65914DD5}.Release|Any CPU.Build.0 = Release|Any CPU
		{3B86D3B4-2AE9-4CF8-8BE4-90F7093091E0}.Debug|Any CPU.ActiveCfg = Debug|Any CPU
		{3B86D3B4-2AE9-4CF8-8BE4-90F7093091E0}.Debug|Any CPU.Build.0 = Debug|Any CPU
		{3B86D3B4-2AE9-4CF8-8BE4-90F7093091E0}.Release|Any CPU.ActiveCfg = Release|Any CPU
		{3B86D3B4-2AE9-4CF8-8BE4-90F7093091E0}.Release|Any CPU.Build.0 = Release|Any CPU
		{0F48DC9B-EFED-46F2-A5B8-48B05D85678E}.Debug|Any CPU.ActiveCfg = Debug|Any CPU
		{0F48DC9B-EFED-46F2-A5B8-48B05D85678E}.Debug|Any CPU.Build.0 = Debug|Any CPU
		{0F48DC9B-EFED-46F2-A5B8-48B05D85678E}.Release|Any CPU.ActiveCfg = Release|Any CPU
		{0F48DC9B-EFED-46F2-A5B8-48B05D85678E}.Release|Any CPU.Build.0 = Release|Any CPU
		{038BA2B1-61CB-45DF-9887-754C211FBBD2}.Debug|Any CPU.ActiveCfg = Debug|Any CPU
		{038BA2B1-61CB-45DF-9887-754C211FBBD2}.Debug|Any CPU.Build.0 = Debug|Any CPU
		{038BA2B1-61CB-45DF-9887-754C211FBBD2}.Release|Any CPU.ActiveCfg = Release|Any CPU
		{038BA2B1-61CB-45DF-9887-754C211FBBD2}.Release|Any CPU.Build.0 = Release|Any CPU
		{B68D5703-1617-4AE5-9DC3-84D4FF0E6987}.Debug|Any CPU.ActiveCfg = Debug|Any CPU
		{B68D5703-1617-4AE5-9DC3-84D4FF0E6987}.Debug|Any CPU.Build.0 = Debug|Any CPU
		{B68D5703-1617-4AE5-9DC3-84D4FF0E6987}.Release|Any CPU.ActiveCfg = Release|Any CPU
		{B68D5703-1617-4AE5-9DC3-84D4FF0E6987}.Release|Any CPU.Build.0 = Release|Any CPU
		{008B9FC4-11D2-471D-A092-E2623B7571E9}.Debug|Any CPU.ActiveCfg = Debug|Any CPU
		{008B9FC4-11D2-471D-A092-E2623B7571E9}.Debug|Any CPU.Build.0 = Debug|Any CPU
		{008B9FC4-11D2-471D-A092-E2623B7571E9}.Release|Any CPU.ActiveCfg = Release|Any CPU
		{008B9FC4-11D2-471D-A092-E2623B7571E9}.Release|Any CPU.Build.0 = Release|Any CPU
	EndGlobalSection
	GlobalSection(SolutionProperties) = preSolution
		HideSolutionNode = FALSE
	EndGlobalSection
	GlobalSection(ExtensibilityGlobals) = postSolution
		SolutionGuid = {054B7929-176A-44EB-BF77-6C11E9C160D7}
	EndGlobalSection
EndGlobal
